lockfileVersion: '9.0'

settings:
  autoInstallPeers: true
  excludeLinksFromLockfile: false

importers:

  .:
    devDependencies:
      minimist:
        specifier: 0.0.8
        version: 0.0.8

  packages/internal:
    dependencies:
      shell-quote:
        specifier: 1.7.2
        version: 1.7.2

  packages/publishable:
    dependencies:
      cookie:
        specifier: 0.7.0
        version: 0.7.0

packages:

  cookie@0.7.0:
    resolution: {integrity: sha512-qCf+V4dtlNhSRXGAZatc1TasyFO6GjohcOul807YOb5ik3+kQSnb4d7iajeCL8QHaJ4uZEjCgiCJerKXwdRVlQ==}
    engines: {node: '>= 0.6'}

  minimist@0.0.8:
    resolution: {integrity: sha512-miQKw5Hv4NS1Psg2517mV4e4dYNaO3++hjAvLOAzKqZ61rH8NS1SK+vbfBWZ5PY/Me/bEWhUwqMghEW5Fb9T7Q==}

  shell-quote@1.7.2:
    resolution: {integrity: sha512-mRz/m/JVscCrkMyPqHc/bczi3OQHkLTqXHEFu0zDhK/qfv3UcOA4SVmRCLmos4bhjr9ekVQubj/R7waKapmiQg==}

snapshots:

  cookie@0.7.0: {}

  minimist@0.0.8: {}

  shell-quote@1.7.2: {}
