lockfileVersion: '9.0'

settings:
  autoInstallPeers: true
  excludeLinksFromLockfile: false

importers:

  .:
    devDependencies:
      minimist:
        specifier: 1.2.6
        version: 1.2.6

  packages/internal:
    dependencies:
      shell-quote:
        specifier: 1.7.2
        version: 1.7.2

  packages/publishable:
    dependencies:
      cookie:
        specifier: 0.4.0
        version: 0.4.0

packages:

  cookie@0.4.0:
    resolution: {integrity: sha512-+Hp8fLp57wnUSt0tY0tHEXh4voZRDnoIrZPqlo3DPiI4y9lwg/jqx+1Om94/W6ZaPDOUbnjOt/99w66zk+l1Xg==}
    engines: {node: '>= 0.6'}

  minimist@1.2.6:
    resolution: {integrity: sha512-Jsjnk4bw3YJqYzbdyBiNsPWHPfO++UGG749Cxs6peCu5Xg4nrena6OVxOYxrQTqww0Jmwt+Ref8rggumkTLz9Q==}

  shell-quote@1.7.2:
    resolution: {integrity: sha512-mRz/m/JVscCrkMyPqHc/bczi3OQHkLTqXHEFu0zDhK/qfv3UcOA4SVmRCLmos4bhjr9ekVQubj/R7waKapmiQg==}

snapshots:

  cookie@0.4.0: {}

  minimist@1.2.6: {}

  shell-quote@1.7.2: {}
